
Microsoft Visual Studio Solution File, Format Version 12.00
# Visual Studio Version 17
VisualStudioVersion = 17.13.35825.156 d17.13
MinimumVisualStudioVersion = 10.0.40219.1
Project("{FAE04EC0-301F-11D3-BF4B-00C04F79EFBC}") = "POE", "POE.csproj", "{04CBD0CB-75D3-4557-8065-C3BC47CEC584}"
EndProject
Global
	GlobalSection(SolutionConfigurationPlatforms) = preSolution
		Debug|Any CPU = Debug|Any CPU
		Release|Any CPU = Release|Any CPU
	EndGlobalSection
	GlobalSection(ProjectConfigurationPlatforms) = postSolution
		{04CBD0CB-75D3-4557-8065-C3BC47CEC584}.Debug|Any CPU.ActiveCfg = Debug|Any CPU
		{04CBD0CB-75D3-4557-8065-C3BC47CEC584}.Debug|Any CPU.Build.0 = Debug|Any CPU
		{04CBD0CB-75D3-4557-8065-C3BC47CEC584}.Release|Any CPU.ActiveCfg = Release|Any CPU
		{04CBD0CB-75D3-4557-8065-C3BC47CEC584}.Release|Any CPU.Build.0 = Release|Any CPU
	EndGlobalSection
	GlobalSection(SolutionProperties) = preSolution
		HideSolutionNode = FALSE
	EndGlobalSection
	GlobalSection(ExtensibilityGlobals) = postSolution
		SolutionGuid = {2DB7FDF9-9279-433A-95DF-41B497AD65F7}
	EndGlobalSection
EndGlobal
